// !$*UTF8*$!
{
	archiveVersion = 1;
	classes = {
	};
	objectVersion = 46;
	objects = {

/* Begin PBXBuildFile section */
		D23C820416F8234C006FEC2C /* UIKit.framework in Frameworks */ = {isa = PBXBuildFile; fileRef = D23C820316F8234C006FEC2C /* UIKit.framework */; };
		D23C820616F8234C006FEC2C /* Foundation.framework in Frameworks */ = {isa = PBXBuildFile; fileRef = D23C820516F8234C006FEC2C /* Foundation.framework */; };
		D23C820816F8234C006FEC2C /* CoreGraphics.framework in Frameworks */ = {isa = PBXBuildFile; fileRef = D23C820716F8234C006FEC2C /* CoreGraphics.framework */; };
		D23C820E16F8234C006FEC2C /* InfoPlist.strings in Resources */ = {isa = PBXBuildFile; fileRef = D23C820C16F8234C006FEC2C /* InfoPlist.strings */; };
		D23C821016F8234C006FEC2C /* main.m in Sources */ = {isa = PBXBuildFile; fileRef = D23C820F16F8234C006FEC2C /* main.m */; };
		D23C821416F8234C006FEC2C /* AppDelegate.m in Sources */ = {isa = PBXBuildFile; fileRef = D23C821316F8234C006FEC2C /* AppDelegate.m */; };
		D23C821716F8234C006FEC2C /* MainStoryboard.storyboard in Resources */ = {isa = PBXBuildFile; fileRef = D23C821516F8234C006FEC2C /* MainStoryboard.storyboard */; };
		D23C821A16F8234C006FEC2C /* ViewController.m in Sources */ = {isa = PBXBuildFile; fileRef = D23C821916F8234C006FEC2C /* ViewController.m */; };
		D28D050B16F823C400B125E6 /* AbcViewController.m in Sources */ = {isa = PBXBuildFile; fileRef = D28D050A16F823C400B125E6 /* AbcViewController.m */; };
/* End PBXBuildFile section */

/* Begin PBXFileReference section */
		D23C81FF16F8234C006FEC2C /* ABC.app */ = {isa = PBXFileReference; explicitFileType = wrapper.application; includeInIndex = 0; path = ABC.app; sourceTree = BUILT_PRODUCTS_DIR; };
		D23C820316F8234C006FEC2C /* UIKit.framework */ = {isa = PBXFileReference; lastKnownFileType = wrapper.framework; name = UIKit.framework; path = System/Library/Frameworks/UIKit.framework; sourceTree = SDKROOT; };
		D23C820516F8234C006FEC2C /* Foundation.framework */ = {isa = PBXFileReference; lastKnownFileType = wrapper.framework; name = Foundation.framework; path = System/Library/Frameworks/Foundation.framework; sourceTree = SDKROOT; };
		D23C820716F8234C006FEC2C /* CoreGraphics.framework */ = {isa = PBXFileReference; lastKnownFileType = wrapper.framework; name = CoreGraphics.framework; path = System/Library/Frameworks/CoreGraphics.framework; sourceTree = SDKROOT; };
		D23C820B16F8234C006FEC2C /* ABC-Info.plist */ = {isa = PBXFileReference; lastKnownFileType = text.plist.xml; path = "ABC-Info.plist"; sourceTree = "<group>"; };
		D23C820D16F8234C006FEC2C /* en */ = {isa = PBXFileReference; lastKnownFileType = text.plist.strings; name = en; path = en.lproj/InfoPlist.strings; sourceTree = "<group>"; };
		D23C820F16F8234C006FEC2C /* main.m */ = {isa = PBXFileReference; lastKnownFileType = sourcecode.c.objc; path = main.m; sourceTree = "<group>"; };
		D23C821116F8234C006FEC2C /* ABC-Prefix.pch */ = {isa = PBXFileReference; lastKnownFileType = sourcecode.c.h; path = "ABC-Prefix.pch"; sourceTree = "<group>"; };
		D23C821216F8234C006FEC2C /* AppDelegate.h */ = {isa = PBXFileReference; lastKnownFileType = sourcecode.c.h; path = AppDelegate.h; sourceTree = "<group>"; };
		D23C821316F8234C006FEC2C /* AppDelegate.m */ = {isa = PBXFileReference; lastKnownFileType = sourcecode.c.objc; path = AppDelegate.m; sourceTree = "<group>"; };
		D23C821616F8234C006FEC2C /* en */ = {isa = PBXFileReference; lastKnownFileType = file.storyboard; name = en; path = en.lproj/MainStoryboard.storyboard; sourceTree = "<group>"; };
		D23C821816F8234C006FEC2C /* ViewController.h */ = {isa = PBXFileReference; lastKnownFileType = sourcecode.c.h; path = ViewController.h; sourceTree = "<group>"; };
		D23C821916F8234C006FEC2C /* ViewController.m */ = {isa = PBXFileReference; lastKnownFileType = sourcecode.c.objc; path = ViewController.m; sourceTree = "<group>"; };
		D28D050916F823C400B125E6 /* AbcViewController.h */ = {isa = PBXFileReference; fileEncoding = 4; lastKnownFileType = sourcecode.c.h; path = AbcViewController.h; sourceTree = "<group>"; };
		D28D050A16F823C400B125E6 /* AbcViewController.m */ = {isa = PBXFileReference; fileEncoding = 4; lastKnownFileType = sourcecode.c.objc; path = AbcViewController.m; sourceTree = "<group>"; };
/* End PBXFileReference section */

/* Begin PBXFrameworksBuildPhase section */
		D23C81FC16F8234C006FEC2C /* Frameworks */ = {
			isa = PBXFrameworksBuildPhase;
			buildActionMask = 2147483647;
			files = (
				D23C820416F8234C006FEC2C /* UIKit.framework in Frameworks */,
				D23C820616F8234C006FEC2C /* Foundation.framework in Frameworks */,
				D23C820816F8234C006FEC2C /* CoreGraphics.framework in Frameworks */,
			);
			runOnlyForDeploymentPostprocessing = 0;
		};
/* End PBXFrameworksBuildPhase section */

/* Begin PBXGroup section */
		D23C81F416F8234C006FEC2C = {
			isa = PBXGroup;
			children = (
				D23C820916F8234C006FEC2C /* ABC */,
				D23C820216F8234C006FEC2C /* Frameworks */,
				D23C820016F8234C006FEC2C /* Products */,
			);
			sourceTree = "<group>";
		};
		D23C820016F8234C006FEC2C /* Products */ = {
			isa = PBXGroup;
			children = (
				D23C81FF16F8234C006FEC2C /* ABC.app */,
			);
			name = Products;
			sourceTree = "<group>";
		};
		D23C820216F8234C006FEC2C /* Frameworks */ = {
			isa = PBXGroup;
			children = (
				D23C820316F8234C006FEC2C /* UIKit.framework */,
				D23C820516F8234C006FEC2C /* Foundation.framework */,
				D23C820716F8234C006FEC2C /* CoreGraphics.framework */,
			);
			name = Frameworks;
			sourceTree = "<group>";
		};
		D23C820916F8234C006FEC2C /* ABC */ = {
			isa = PBXGroup;
			children = (
				D23C821216F8234C006FEC2C /* AppDelegate.h */,
				D23C821316F8234C006FEC2C /* AppDelegate.m */,
				D23C821516F8234C006FEC2C /* MainStoryboard.storyboard */,
				D23C821816F8234C006FEC2C /* ViewController.h */,
				D23C821916F8234C006FEC2C /* ViewController.m */,
				D23C820A16F8234C006FEC2C /* Supporting Files */,
				D28D050916F823C400B125E6 /* AbcViewController.h */,
				D28D050A16F823C400B125E6 /* AbcViewController.m */,
			);
			path = ABC;
			sourceTree = "<group>";
		};
		D23C820A16F8234C006FEC2C /* Supporting Files */ = {
			isa = PBXGroup;
			children = (
				D23C820B16F8234C006FEC2C /* ABC-Info.plist */,
				D23C820C16F8234C006FEC2C /* InfoPlist.strings */,
				D23C820F16F8234C006FEC2C /* main.m */,
				D23C821116F8234C006FEC2C /* ABC-Prefix.pch */,
			);
			name = "Supporting Files";
			sourceTree = "<group>";
		};
/* End PBXGroup section */

/* Begin PBXNativeTarget section */
		D23C81FE16F8234C006FEC2C /* ABC */ = {
			isa = PBXNativeTarget;
			buildConfigurationList = D23C821D16F8234C006FEC2C /* Build configuration list for PBXNativeTarget "ABC" */;
			buildPhases = (
				D23C81FB16F8234C006FEC2C /* Sources */,
				D23C81FC16F8234C006FEC2C /* Frameworks */,
				D23C81FD16F8234C006FEC2C /* Resources */,
			);
			buildRules = (
			);
			dependencies = (
			);
			name = ABC;
			productName = ABC;
			productReference = D23C81FF16F8234C006FEC2C /* ABC.app */;
			productType = "com.apple.product-type.application";
		};
/* End PBXNativeTarget section */

/* Begin PBXProject section */
		D23C81F616F8234C006FEC2C /* Project object */ = {
			isa = PBXProject;
			attributes = {
				LastUpgradeCheck = 0430;
			};
			buildConfigurationList = D23C81F916F8234C006FEC2C /* Build configuration list for PBXProject "ABC" */;
			compatibilityVersion = "Xcode 3.2";
			developmentRegion = English;
			hasScannedForEncodings = 0;
			knownRegions = (
				en,
			);
			mainGroup = D23C81F416F8234C006FEC2C;
			productRefGroup = D23C820016F8234C006FEC2C /* Products */;
			projectDirPath = "";
			projectRoot = "";
			targets = (
				D23C81FE16F8234C006FEC2C /* ABC */,
			);
		};
/* End PBXProject section */

/* Begin PBXResourcesBuildPhase section */
		D23C81FD16F8234C006FEC2C /* Resources */ = {
			isa = PBXResourcesBuildPhase;
			buildActionMask = 2147483647;
			files = (
				D23C820E16F8234C006FEC2C /* InfoPlist.strings in Resources */,
				D23C821716F8234C006FEC2C /* MainStoryboard.storyboard in Resources */,
			);
			runOnlyForDeploymentPostprocessing = 0;
		};
/* End PBXResourcesBuildPhase section */

/* Begin PBXSourcesBuildPhase section */
		D23C81FB16F8234C006FEC2C /* Sources */ = {
			isa = PBXSourcesBuildPhase;
			buildActionMask = 2147483647;
			files = (
				D23C821016F8234C006FEC2C /* main.m in Sources */,
				D23C821416F8234C006FEC2C /* AppDelegate.m in Sources */,
				D23C821A16F8234C006FEC2C /* ViewController.m in Sources */,
				D28D050B16F823C400B125E6 /* AbcViewController.m in Sources */,
			);
			runOnlyForDeploymentPostprocessing = 0;
		};
/* End PBXSourcesBuildPhase section */

/* Begin PBXVariantGroup section */
		D23C820C16F8234C006FEC2C /* InfoPlist.strings */ = {
			isa = PBXVariantGroup;
			children = (
				D23C820D16F8234C006FEC2C /* en */,
			);
			name = InfoPlist.strings;
			sourceTree = "<group>";
		};
		D23C821516F8234C006FEC2C /* MainStoryboard.storyboard */ = {
			isa = PBXVariantGroup;
			children = (
				D23C821616F8234C006FEC2C /* en */,
			);
			name = MainStoryboard.storyboard;
			sourceTree = "<group>";
		};
/* End PBXVariantGroup section */

/* Begin XCBuildConfiguration section */
		D23C821B16F8234C006FEC2C /* Debug */ = {
			isa = XCBuildConfiguration;
			buildSettings = {
				ALWAYS_SEARCH_USER_PATHS = NO;
				ARCHS = "$(ARCHS_STANDARD_32_BIT)";
				CLANG_ENABLE_OBJC_ARC = YES;
				"CODE_SIGN_IDENTITY[sdk=iphoneos*]" = "iPhone Developer";
				COPY_PHASE_STRIP = NO;
				GCC_C_LANGUAGE_STANDARD = gnu99;
				GCC_DYNAMIC_NO_PIC = NO;
				GCC_OPTIMIZATION_LEVEL = 0;
				GCC_PREPROCESSOR_DEFINITIONS = (
					"DEBUG=1",
					"$(inherited)",
				);
				GCC_SYMBOLS_PRIVATE_EXTERN = NO;
				GCC_VERSION = com.apple.compilers.llvm.clang.1_0;
				GCC_WARN_ABOUT_RETURN_TYPE = YES;
				GCC_WARN_UNINITIALIZED_AUTOS = YES;
				GCC_WARN_UNUSED_VARIABLE = YES;
				IPHONEOS_DEPLOYMENT_TARGET = 5.0;
				SDKROOT = iphoneos;
			};
			name = Debug;
		};
		D23C821C16F8234C006FEC2C /* Release */ = {
			isa = XCBuildConfiguration;
			buildSettings = {
				ALWAYS_SEARCH_USER_PATHS = NO;
				ARCHS = "$(ARCHS_STANDARD_32_BIT)";
				CLANG_ENABLE_OBJC_ARC = YES;
				"CODE_SIGN_IDENTITY[sdk=iphoneos*]" = "iPhone Developer";
				COPY_PHASE_STRIP = YES;
				GCC_C_LANGUAGE_STANDARD = gnu99;
				GCC_VERSION = com.apple.compilers.llvm.clang.1_0;
				GCC_WARN_ABOUT_RETURN_TYPE = YES;
				GCC_WARN_UNINITIALIZED_AUTOS = YES;
				GCC_WARN_UNUSED_VARIABLE = YES;
				IPHONEOS_DEPLOYMENT_TARGET = 5.0;
				OTHER_CFLAGS = "-DNS_BLOCK_ASSERTIONS=1";
				SDKROOT = iphoneos;
				VALIDATE_PRODUCT = YES;
			};
			name = Release;
		};
		D23C821E16F8234C006FEC2C /* Debug */ = {
			isa = XCBuildConfiguration;
			buildSettings = {
				GCC_PRECOMPILE_PREFIX_HEADER = YES;
				GCC_PREFIX_HEADER = "ABC/ABC-Prefix.pch";
				INFOPLIST_FILE = "ABC/ABC-Info.plist";
				PRODUCT_NAME = "$(TARGET_NAME)";
				WRAPPER_EXTENSION = app;
			};
			name = Debug;
		};
		D23C821F16F8234C006FEC2C /* Release */ = {
			isa = XCBuildConfiguration;
			buildSettings = {
				GCC_PRECOMPILE_PREFIX_HEADER = YES;
				GCC_PREFIX_HEADER = "ABC/ABC-Prefix.pch";
				INFOPLIST_FILE = "ABC/ABC-Info.plist";
				PRODUCT_NAME = "$(TARGET_NAME)";
				WRAPPER_EXTENSION = app;
			};
			name = Release;
		};
/* End XCBuildConfiguration section */

/* Begin XCConfigurationList section */
		D23C81F916F8234C006FEC2C /* Build configuration list for PBXProject "ABC" */ = {
			isa = XCConfigurationList;
			buildConfigurations = (
				D23C821B16F8234C006FEC2C /* Debug */,
				D23C821C16F8234C006FEC2C /* Release */,
			);
			defaultConfigurationIsVisible = 0;
			defaultConfigurationName = Release;
		};
		D23C821D16F8234C006FEC2C /* Build configuration list for PBXNativeTarget "ABC" */ = {
			isa = XCConfigurationList;
			buildConfigurations = (
				D23C821E16F8234C006FEC2C /* Debug */,
				D23C821F16F8234C006FEC2C /* Release */,
			);
			defaultConfigurationIsVisible = 0;
			defaultConfigurationName = Release;
		};
/* End XCConfigurationList section */
	};
	rootObject = D23C81F616F8234C006FEC2C /* Project object */;
}
