// !$*UTF8*$!
{
	archiveVersion = 1;
	classes = {
	};
	objectVersion = 46;
	objects = {

/* Begin PBXBuildFile section */
		D299551D16FC7A7300F701E0 /* UIKit.framework in Frameworks */ = {isa = PBXBuildFile; fileRef = D299551C16FC7A7300F701E0 /* UIKit.framework */; };
		D299551F16FC7A7300F701E0 /* Foundation.framework in Frameworks */ = {isa = PBXBuildFile; fileRef = D299551E16FC7A7300F701E0 /* Foundation.framework */; };
		D299552116FC7A7300F701E0 /* CoreGraphics.framework in Frameworks */ = {isa = PBXBuildFile; fileRef = D299552016FC7A7300F701E0 /* CoreGraphics.framework */; };
		D299552716FC7A7300F701E0 /* InfoPlist.strings in Resources */ = {isa = PBXBuildFile; fileRef = D299552516FC7A7300F701E0 /* InfoPlist.strings */; };
		D299552916FC7A7300F701E0 /* main.m in Sources */ = {isa = PBXBuildFile; fileRef = D299552816FC7A7300F701E0 /* main.m */; };
		D299552D16FC7A7300F701E0 /* AppDelegate.m in Sources */ = {isa = PBXBuildFile; fileRef = D299552C16FC7A7300F701E0 /* AppDelegate.m */; };
		D299553016FC7A7300F701E0 /* MainStoryboard.storyboard in Resources */ = {isa = PBXBuildFile; fileRef = D299552E16FC7A7300F701E0 /* MainStoryboard.storyboard */; };
		D299553316FC7A7300F701E0 /* ViewController.m in Sources */ = {isa = PBXBuildFile; fileRef = D299553216FC7A7300F701E0 /* ViewController.m */; };
		D299553A16FC7C4000F701E0 /* Settings.bundle in Resources */ = {isa = PBXBuildFile; fileRef = D299553916FC7C4000F701E0 /* Settings.bundle */; };
/* End PBXBuildFile section */

/* Begin PBXFileReference section */
		D299551816FC7A7300F701E0 /* ReturnMe.app */ = {isa = PBXFileReference; explicitFileType = wrapper.application; includeInIndex = 0; path = ReturnMe.app; sourceTree = BUILT_PRODUCTS_DIR; };
		D299551C16FC7A7300F701E0 /* UIKit.framework */ = {isa = PBXFileReference; lastKnownFileType = wrapper.framework; name = UIKit.framework; path = System/Library/Frameworks/UIKit.framework; sourceTree = SDKROOT; };
		D299551E16FC7A7300F701E0 /* Foundation.framework */ = {isa = PBXFileReference; lastKnownFileType = wrapper.framework; name = Foundation.framework; path = System/Library/Frameworks/Foundation.framework; sourceTree = SDKROOT; };
		D299552016FC7A7300F701E0 /* CoreGraphics.framework */ = {isa = PBXFileReference; lastKnownFileType = wrapper.framework; name = CoreGraphics.framework; path = System/Library/Frameworks/CoreGraphics.framework; sourceTree = SDKROOT; };
		D299552416FC7A7300F701E0 /* ReturnMe-Info.plist */ = {isa = PBXFileReference; lastKnownFileType = text.plist.xml; path = "ReturnMe-Info.plist"; sourceTree = "<group>"; };
		D299552616FC7A7300F701E0 /* en */ = {isa = PBXFileReference; lastKnownFileType = text.plist.strings; name = en; path = en.lproj/InfoPlist.strings; sourceTree = "<group>"; };
		D299552816FC7A7300F701E0 /* main.m */ = {isa = PBXFileReference; lastKnownFileType = sourcecode.c.objc; path = main.m; sourceTree = "<group>"; };
		D299552A16FC7A7300F701E0 /* ReturnMe-Prefix.pch */ = {isa = PBXFileReference; lastKnownFileType = sourcecode.c.h; path = "ReturnMe-Prefix.pch"; sourceTree = "<group>"; };
		D299552B16FC7A7300F701E0 /* AppDelegate.h */ = {isa = PBXFileReference; lastKnownFileType = sourcecode.c.h; path = AppDelegate.h; sourceTree = "<group>"; };
		D299552C16FC7A7300F701E0 /* AppDelegate.m */ = {isa = PBXFileReference; lastKnownFileType = sourcecode.c.objc; path = AppDelegate.m; sourceTree = "<group>"; };
		D299552F16FC7A7300F701E0 /* en */ = {isa = PBXFileReference; lastKnownFileType = file.storyboard; name = en; path = en.lproj/MainStoryboard.storyboard; sourceTree = "<group>"; };
		D299553116FC7A7300F701E0 /* ViewController.h */ = {isa = PBXFileReference; lastKnownFileType = sourcecode.c.h; path = ViewController.h; sourceTree = "<group>"; };
		D299553216FC7A7300F701E0 /* ViewController.m */ = {isa = PBXFileReference; lastKnownFileType = sourcecode.c.objc; path = ViewController.m; sourceTree = "<group>"; };
		D299553916FC7C4000F701E0 /* Settings.bundle */ = {isa = PBXFileReference; lastKnownFileType = "wrapper.plug-in"; path = Settings.bundle; sourceTree = "<group>"; };
/* End PBXFileReference section */

/* Begin PBXFrameworksBuildPhase section */
		D299551516FC7A7300F701E0 /* Frameworks */ = {
			isa = PBXFrameworksBuildPhase;
			buildActionMask = 2147483647;
			files = (
				D299551D16FC7A7300F701E0 /* UIKit.framework in Frameworks */,
				D299551F16FC7A7300F701E0 /* Foundation.framework in Frameworks */,
				D299552116FC7A7300F701E0 /* CoreGraphics.framework in Frameworks */,
			);
			runOnlyForDeploymentPostprocessing = 0;
		};
/* End PBXFrameworksBuildPhase section */

/* Begin PBXGroup section */
		D299550D16FC7A7300F701E0 = {
			isa = PBXGroup;
			children = (
				D299552216FC7A7300F701E0 /* ReturnMe */,
				D299551B16FC7A7300F701E0 /* Frameworks */,
				D299551916FC7A7300F701E0 /* Products */,
			);
			sourceTree = "<group>";
		};
		D299551916FC7A7300F701E0 /* Products */ = {
			isa = PBXGroup;
			children = (
				D299551816FC7A7300F701E0 /* ReturnMe.app */,
			);
			name = Products;
			sourceTree = "<group>";
		};
		D299551B16FC7A7300F701E0 /* Frameworks */ = {
			isa = PBXGroup;
			children = (
				D299551C16FC7A7300F701E0 /* UIKit.framework */,
				D299551E16FC7A7300F701E0 /* Foundation.framework */,
				D299552016FC7A7300F701E0 /* CoreGraphics.framework */,
			);
			name = Frameworks;
			sourceTree = "<group>";
		};
		D299552216FC7A7300F701E0 /* ReturnMe */ = {
			isa = PBXGroup;
			children = (
				D299552B16FC7A7300F701E0 /* AppDelegate.h */,
				D299552C16FC7A7300F701E0 /* AppDelegate.m */,
				D299552E16FC7A7300F701E0 /* MainStoryboard.storyboard */,
				D299553116FC7A7300F701E0 /* ViewController.h */,
				D299553216FC7A7300F701E0 /* ViewController.m */,
				D299552316FC7A7300F701E0 /* Supporting Files */,
			);
			path = ReturnMe;
			sourceTree = "<group>";
		};
		D299552316FC7A7300F701E0 /* Supporting Files */ = {
			isa = PBXGroup;
			children = (
				D299553916FC7C4000F701E0 /* Settings.bundle */,
				D299552416FC7A7300F701E0 /* ReturnMe-Info.plist */,
				D299552516FC7A7300F701E0 /* InfoPlist.strings */,
				D299552816FC7A7300F701E0 /* main.m */,
				D299552A16FC7A7300F701E0 /* ReturnMe-Prefix.pch */,
			);
			name = "Supporting Files";
			sourceTree = "<group>";
		};
/* End PBXGroup section */

/* Begin PBXNativeTarget section */
		D299551716FC7A7300F701E0 /* ReturnMe */ = {
			isa = PBXNativeTarget;
			buildConfigurationList = D299553616FC7A7300F701E0 /* Build configuration list for PBXNativeTarget "ReturnMe" */;
			buildPhases = (
				D299551416FC7A7300F701E0 /* Sources */,
				D299551516FC7A7300F701E0 /* Frameworks */,
				D299551616FC7A7300F701E0 /* Resources */,
			);
			buildRules = (
			);
			dependencies = (
			);
			name = ReturnMe;
			productName = ReturnMe;
			productReference = D299551816FC7A7300F701E0 /* ReturnMe.app */;
			productType = "com.apple.product-type.application";
		};
/* End PBXNativeTarget section */

/* Begin PBXProject section */
		D299550F16FC7A7300F701E0 /* Project object */ = {
			isa = PBXProject;
			attributes = {
				LastUpgradeCheck = 0430;
			};
			buildConfigurationList = D299551216FC7A7300F701E0 /* Build configuration list for PBXProject "ReturnMe" */;
			compatibilityVersion = "Xcode 3.2";
			developmentRegion = English;
			hasScannedForEncodings = 0;
			knownRegions = (
				en,
			);
			mainGroup = D299550D16FC7A7300F701E0;
			productRefGroup = D299551916FC7A7300F701E0 /* Products */;
			projectDirPath = "";
			projectRoot = "";
			targets = (
				D299551716FC7A7300F701E0 /* ReturnMe */,
			);
		};
/* End PBXProject section */

/* Begin PBXResourcesBuildPhase section */
		D299551616FC7A7300F701E0 /* Resources */ = {
			isa = PBXResourcesBuildPhase;
			buildActionMask = 2147483647;
			files = (
				D299552716FC7A7300F701E0 /* InfoPlist.strings in Resources */,
				D299553016FC7A7300F701E0 /* MainStoryboard.storyboard in Resources */,
				D299553A16FC7C4000F701E0 /* Settings.bundle in Resources */,
			);
			runOnlyForDeploymentPostprocessing = 0;
		};
/* End PBXResourcesBuildPhase section */

/* Begin PBXSourcesBuildPhase section */
		D299551416FC7A7300F701E0 /* Sources */ = {
			isa = PBXSourcesBuildPhase;
			buildActionMask = 2147483647;
			files = (
				D299552916FC7A7300F701E0 /* main.m in Sources */,
				D299552D16FC7A7300F701E0 /* AppDelegate.m in Sources */,
				D299553316FC7A7300F701E0 /* ViewController.m in Sources */,
			);
			runOnlyForDeploymentPostprocessing = 0;
		};
/* End PBXSourcesBuildPhase section */

/* Begin PBXVariantGroup section */
		D299552516FC7A7300F701E0 /* InfoPlist.strings */ = {
			isa = PBXVariantGroup;
			children = (
				D299552616FC7A7300F701E0 /* en */,
			);
			name = InfoPlist.strings;
			sourceTree = "<group>";
		};
		D299552E16FC7A7300F701E0 /* MainStoryboard.storyboard */ = {
			isa = PBXVariantGroup;
			children = (
				D299552F16FC7A7300F701E0 /* en */,
			);
			name = MainStoryboard.storyboard;
			sourceTree = "<group>";
		};
/* End PBXVariantGroup section */

/* Begin XCBuildConfiguration section */
		D299553416FC7A7300F701E0 /* Debug */ = {
			isa = XCBuildConfiguration;
			buildSettings = {
				ALWAYS_SEARCH_USER_PATHS = NO;
				ARCHS = "$(ARCHS_STANDARD_32_BIT)";
				CLANG_ENABLE_OBJC_ARC = YES;
				"CODE_SIGN_IDENTITY[sdk=iphoneos*]" = "iPhone Developer";
				COPY_PHASE_STRIP = NO;
				GCC_C_LANGUAGE_STANDARD = gnu99;
				GCC_DYNAMIC_NO_PIC = NO;
				GCC_OPTIMIZATION_LEVEL = 0;
				GCC_PREPROCESSOR_DEFINITIONS = (
					"DEBUG=1",
					"$(inherited)",
				);
				GCC_SYMBOLS_PRIVATE_EXTERN = NO;
				GCC_VERSION = com.apple.compilers.llvm.clang.1_0;
				GCC_WARN_ABOUT_RETURN_TYPE = YES;
				GCC_WARN_UNINITIALIZED_AUTOS = YES;
				GCC_WARN_UNUSED_VARIABLE = YES;
				IPHONEOS_DEPLOYMENT_TARGET = 5.0;
				SDKROOT = iphoneos;
			};
			name = Debug;
		};
		D299553516FC7A7300F701E0 /* Release */ = {
			isa = XCBuildConfiguration;
			buildSettings = {
				ALWAYS_SEARCH_USER_PATHS = NO;
				ARCHS = "$(ARCHS_STANDARD_32_BIT)";
				CLANG_ENABLE_OBJC_ARC = YES;
				"CODE_SIGN_IDENTITY[sdk=iphoneos*]" = "iPhone Developer";
				COPY_PHASE_STRIP = YES;
				GCC_C_LANGUAGE_STANDARD = gnu99;
				GCC_VERSION = com.apple.compilers.llvm.clang.1_0;
				GCC_WARN_ABOUT_RETURN_TYPE = YES;
				GCC_WARN_UNINITIALIZED_AUTOS = YES;
				GCC_WARN_UNUSED_VARIABLE = YES;
				IPHONEOS_DEPLOYMENT_TARGET = 5.0;
				OTHER_CFLAGS = "-DNS_BLOCK_ASSERTIONS=1";
				SDKROOT = iphoneos;
				VALIDATE_PRODUCT = YES;
			};
			name = Release;
		};
		D299553716FC7A7300F701E0 /* Debug */ = {
			isa = XCBuildConfiguration;
			buildSettings = {
				GCC_PRECOMPILE_PREFIX_HEADER = YES;
				GCC_PREFIX_HEADER = "ReturnMe/ReturnMe-Prefix.pch";
				INFOPLIST_FILE = "ReturnMe/ReturnMe-Info.plist";
				PRODUCT_NAME = "$(TARGET_NAME)";
				WRAPPER_EXTENSION = app;
			};
			name = Debug;
		};
		D299553816FC7A7300F701E0 /* Release */ = {
			isa = XCBuildConfiguration;
			buildSettings = {
				GCC_PRECOMPILE_PREFIX_HEADER = YES;
				GCC_PREFIX_HEADER = "ReturnMe/ReturnMe-Prefix.pch";
				INFOPLIST_FILE = "ReturnMe/ReturnMe-Info.plist";
				PRODUCT_NAME = "$(TARGET_NAME)";
				WRAPPER_EXTENSION = app;
			};
			name = Release;
		};
/* End XCBuildConfiguration section */

/* Begin XCConfigurationList section */
		D299551216FC7A7300F701E0 /* Build configuration list for PBXProject "ReturnMe" */ = {
			isa = XCConfigurationList;
			buildConfigurations = (
				D299553416FC7A7300F701E0 /* Debug */,
				D299553516FC7A7300F701E0 /* Release */,
			);
			defaultConfigurationIsVisible = 0;
			defaultConfigurationName = Release;
		};
		D299553616FC7A7300F701E0 /* Build configuration list for PBXNativeTarget "ReturnMe" */ = {
			isa = XCConfigurationList;
			buildConfigurations = (
				D299553716FC7A7300F701E0 /* Debug */,
				D299553816FC7A7300F701E0 /* Release */,
			);
			defaultConfigurationIsVisible = 0;
			defaultConfigurationName = Release;
		};
/* End XCConfigurationList section */
	};
	rootObject = D299550F16FC7A7300F701E0 /* Project object */;
}
