// !$*UTF8*$!
{
	archiveVersion = 1;
	classes = {
	};
	objectVersion = 46;
	objects = {

/* Begin PBXBuildFile section */
		D29B6E5616F737280066105B /* UIKit.framework in Frameworks */ = {isa = PBXBuildFile; fileRef = D29B6E5516F737280066105B /* UIKit.framework */; };
		D29B6E5816F737280066105B /* Foundation.framework in Frameworks */ = {isa = PBXBuildFile; fileRef = D29B6E5716F737280066105B /* Foundation.framework */; };
		D29B6E5A16F737280066105B /* CoreGraphics.framework in Frameworks */ = {isa = PBXBuildFile; fileRef = D29B6E5916F737280066105B /* CoreGraphics.framework */; };
		D29B6E6016F737280066105B /* InfoPlist.strings in Resources */ = {isa = PBXBuildFile; fileRef = D29B6E5E16F737280066105B /* InfoPlist.strings */; };
		D29B6E6216F737280066105B /* main.m in Sources */ = {isa = PBXBuildFile; fileRef = D29B6E6116F737280066105B /* main.m */; };
		D29B6E6616F737280066105B /* AppDelegate.m in Sources */ = {isa = PBXBuildFile; fileRef = D29B6E6516F737280066105B /* AppDelegate.m */; };
		D29B6E6916F737280066105B /* MainStoryboard.storyboard in Resources */ = {isa = PBXBuildFile; fileRef = D29B6E6716F737280066105B /* MainStoryboard.storyboard */; };
		D29B6E7416F7375C0066105B /* CountingNavigationController.m in Sources */ = {isa = PBXBuildFile; fileRef = D29B6E7316F7375C0066105B /* CountingNavigationController.m */; };
		D29B6E7716F737BB0066105B /* GenericViewController.m in Sources */ = {isa = PBXBuildFile; fileRef = D29B6E7616F737BB0066105B /* GenericViewController.m */; };
/* End PBXBuildFile section */

/* Begin PBXFileReference section */
		D29B6E5116F737280066105B /* LetsNavigate.app */ = {isa = PBXFileReference; explicitFileType = wrapper.application; includeInIndex = 0; path = LetsNavigate.app; sourceTree = BUILT_PRODUCTS_DIR; };
		D29B6E5516F737280066105B /* UIKit.framework */ = {isa = PBXFileReference; lastKnownFileType = wrapper.framework; name = UIKit.framework; path = System/Library/Frameworks/UIKit.framework; sourceTree = SDKROOT; };
		D29B6E5716F737280066105B /* Foundation.framework */ = {isa = PBXFileReference; lastKnownFileType = wrapper.framework; name = Foundation.framework; path = System/Library/Frameworks/Foundation.framework; sourceTree = SDKROOT; };
		D29B6E5916F737280066105B /* CoreGraphics.framework */ = {isa = PBXFileReference; lastKnownFileType = wrapper.framework; name = CoreGraphics.framework; path = System/Library/Frameworks/CoreGraphics.framework; sourceTree = SDKROOT; };
		D29B6E5D16F737280066105B /* LetsNavigate-Info.plist */ = {isa = PBXFileReference; lastKnownFileType = text.plist.xml; path = "LetsNavigate-Info.plist"; sourceTree = "<group>"; };
		D29B6E5F16F737280066105B /* en */ = {isa = PBXFileReference; lastKnownFileType = text.plist.strings; name = en; path = en.lproj/InfoPlist.strings; sourceTree = "<group>"; };
		D29B6E6116F737280066105B /* main.m */ = {isa = PBXFileReference; lastKnownFileType = sourcecode.c.objc; path = main.m; sourceTree = "<group>"; };
		D29B6E6316F737280066105B /* LetsNavigate-Prefix.pch */ = {isa = PBXFileReference; lastKnownFileType = sourcecode.c.h; path = "LetsNavigate-Prefix.pch"; sourceTree = "<group>"; };
		D29B6E6416F737280066105B /* AppDelegate.h */ = {isa = PBXFileReference; lastKnownFileType = sourcecode.c.h; path = AppDelegate.h; sourceTree = "<group>"; };
		D29B6E6516F737280066105B /* AppDelegate.m */ = {isa = PBXFileReference; lastKnownFileType = sourcecode.c.objc; path = AppDelegate.m; sourceTree = "<group>"; };
		D29B6E6816F737280066105B /* en */ = {isa = PBXFileReference; lastKnownFileType = file.storyboard; name = en; path = en.lproj/MainStoryboard.storyboard; sourceTree = "<group>"; };
		D29B6E7216F7375C0066105B /* CountingNavigationController.h */ = {isa = PBXFileReference; fileEncoding = 4; lastKnownFileType = sourcecode.c.h; path = CountingNavigationController.h; sourceTree = "<group>"; };
		D29B6E7316F7375C0066105B /* CountingNavigationController.m */ = {isa = PBXFileReference; fileEncoding = 4; lastKnownFileType = sourcecode.c.objc; path = CountingNavigationController.m; sourceTree = "<group>"; };
		D29B6E7516F737BB0066105B /* GenericViewController.h */ = {isa = PBXFileReference; fileEncoding = 4; lastKnownFileType = sourcecode.c.h; path = GenericViewController.h; sourceTree = "<group>"; };
		D29B6E7616F737BB0066105B /* GenericViewController.m */ = {isa = PBXFileReference; fileEncoding = 4; lastKnownFileType = sourcecode.c.objc; path = GenericViewController.m; sourceTree = "<group>"; };
/* End PBXFileReference section */

/* Begin PBXFrameworksBuildPhase section */
		D29B6E4E16F737270066105B /* Frameworks */ = {
			isa = PBXFrameworksBuildPhase;
			buildActionMask = 2147483647;
			files = (
				D29B6E5616F737280066105B /* UIKit.framework in Frameworks */,
				D29B6E5816F737280066105B /* Foundation.framework in Frameworks */,
				D29B6E5A16F737280066105B /* CoreGraphics.framework in Frameworks */,
			);
			runOnlyForDeploymentPostprocessing = 0;
		};
/* End PBXFrameworksBuildPhase section */

/* Begin PBXGroup section */
		D29B6E4616F737270066105B = {
			isa = PBXGroup;
			children = (
				D29B6E5B16F737280066105B /* LetsNavigate */,
				D29B6E5416F737280066105B /* Frameworks */,
				D29B6E5216F737280066105B /* Products */,
			);
			sourceTree = "<group>";
		};
		D29B6E5216F737280066105B /* Products */ = {
			isa = PBXGroup;
			children = (
				D29B6E5116F737280066105B /* LetsNavigate.app */,
			);
			name = Products;
			sourceTree = "<group>";
		};
		D29B6E5416F737280066105B /* Frameworks */ = {
			isa = PBXGroup;
			children = (
				D29B6E5516F737280066105B /* UIKit.framework */,
				D29B6E5716F737280066105B /* Foundation.framework */,
				D29B6E5916F737280066105B /* CoreGraphics.framework */,
			);
			name = Frameworks;
			sourceTree = "<group>";
		};
		D29B6E5B16F737280066105B /* LetsNavigate */ = {
			isa = PBXGroup;
			children = (
				D29B6E6416F737280066105B /* AppDelegate.h */,
				D29B6E6516F737280066105B /* AppDelegate.m */,
				D29B6E6716F737280066105B /* MainStoryboard.storyboard */,
				D29B6E7516F737BB0066105B /* GenericViewController.h */,
				D29B6E7616F737BB0066105B /* GenericViewController.m */,
				D29B6E7216F7375C0066105B /* CountingNavigationController.h */,
				D29B6E7316F7375C0066105B /* CountingNavigationController.m */,
				D29B6E5C16F737280066105B /* Supporting Files */,
			);
			path = LetsNavigate;
			sourceTree = "<group>";
		};
		D29B6E5C16F737280066105B /* Supporting Files */ = {
			isa = PBXGroup;
			children = (
				D29B6E5D16F737280066105B /* LetsNavigate-Info.plist */,
				D29B6E5E16F737280066105B /* InfoPlist.strings */,
				D29B6E6116F737280066105B /* main.m */,
				D29B6E6316F737280066105B /* LetsNavigate-Prefix.pch */,
			);
			name = "Supporting Files";
			sourceTree = "<group>";
		};
/* End PBXGroup section */

/* Begin PBXNativeTarget section */
		D29B6E5016F737270066105B /* LetsNavigate */ = {
			isa = PBXNativeTarget;
			buildConfigurationList = D29B6E6F16F737280066105B /* Build configuration list for PBXNativeTarget "LetsNavigate" */;
			buildPhases = (
				D29B6E4D16F737270066105B /* Sources */,
				D29B6E4E16F737270066105B /* Frameworks */,
				D29B6E4F16F737270066105B /* Resources */,
			);
			buildRules = (
			);
			dependencies = (
			);
			name = LetsNavigate;
			productName = LetsNavigate;
			productReference = D29B6E5116F737280066105B /* LetsNavigate.app */;
			productType = "com.apple.product-type.application";
		};
/* End PBXNativeTarget section */

/* Begin PBXProject section */
		D29B6E4816F737270066105B /* Project object */ = {
			isa = PBXProject;
			attributes = {
				LastUpgradeCheck = 0430;
			};
			buildConfigurationList = D29B6E4B16F737270066105B /* Build configuration list for PBXProject "LetsNavigate" */;
			compatibilityVersion = "Xcode 3.2";
			developmentRegion = English;
			hasScannedForEncodings = 0;
			knownRegions = (
				en,
			);
			mainGroup = D29B6E4616F737270066105B;
			productRefGroup = D29B6E5216F737280066105B /* Products */;
			projectDirPath = "";
			projectRoot = "";
			targets = (
				D29B6E5016F737270066105B /* LetsNavigate */,
			);
		};
/* End PBXProject section */

/* Begin PBXResourcesBuildPhase section */
		D29B6E4F16F737270066105B /* Resources */ = {
			isa = PBXResourcesBuildPhase;
			buildActionMask = 2147483647;
			files = (
				D29B6E6016F737280066105B /* InfoPlist.strings in Resources */,
				D29B6E6916F737280066105B /* MainStoryboard.storyboard in Resources */,
			);
			runOnlyForDeploymentPostprocessing = 0;
		};
/* End PBXResourcesBuildPhase section */

/* Begin PBXSourcesBuildPhase section */
		D29B6E4D16F737270066105B /* Sources */ = {
			isa = PBXSourcesBuildPhase;
			buildActionMask = 2147483647;
			files = (
				D29B6E6216F737280066105B /* main.m in Sources */,
				D29B6E6616F737280066105B /* AppDelegate.m in Sources */,
				D29B6E7416F7375C0066105B /* CountingNavigationController.m in Sources */,
				D29B6E7716F737BB0066105B /* GenericViewController.m in Sources */,
			);
			runOnlyForDeploymentPostprocessing = 0;
		};
/* End PBXSourcesBuildPhase section */

/* Begin PBXVariantGroup section */
		D29B6E5E16F737280066105B /* InfoPlist.strings */ = {
			isa = PBXVariantGroup;
			children = (
				D29B6E5F16F737280066105B /* en */,
			);
			name = InfoPlist.strings;
			sourceTree = "<group>";
		};
		D29B6E6716F737280066105B /* MainStoryboard.storyboard */ = {
			isa = PBXVariantGroup;
			children = (
				D29B6E6816F737280066105B /* en */,
			);
			name = MainStoryboard.storyboard;
			sourceTree = "<group>";
		};
/* End PBXVariantGroup section */

/* Begin XCBuildConfiguration section */
		D29B6E6D16F737280066105B /* Debug */ = {
			isa = XCBuildConfiguration;
			buildSettings = {
				ALWAYS_SEARCH_USER_PATHS = NO;
				ARCHS = "$(ARCHS_STANDARD_32_BIT)";
				CLANG_ENABLE_OBJC_ARC = YES;
				"CODE_SIGN_IDENTITY[sdk=iphoneos*]" = "iPhone Developer";
				COPY_PHASE_STRIP = NO;
				GCC_C_LANGUAGE_STANDARD = gnu99;
				GCC_DYNAMIC_NO_PIC = NO;
				GCC_OPTIMIZATION_LEVEL = 0;
				GCC_PREPROCESSOR_DEFINITIONS = (
					"DEBUG=1",
					"$(inherited)",
				);
				GCC_SYMBOLS_PRIVATE_EXTERN = NO;
				GCC_VERSION = com.apple.compilers.llvm.clang.1_0;
				GCC_WARN_ABOUT_RETURN_TYPE = YES;
				GCC_WARN_UNINITIALIZED_AUTOS = YES;
				GCC_WARN_UNUSED_VARIABLE = YES;
				IPHONEOS_DEPLOYMENT_TARGET = 5.0;
				SDKROOT = iphoneos;
			};
			name = Debug;
		};
		D29B6E6E16F737280066105B /* Release */ = {
			isa = XCBuildConfiguration;
			buildSettings = {
				ALWAYS_SEARCH_USER_PATHS = NO;
				ARCHS = "$(ARCHS_STANDARD_32_BIT)";
				CLANG_ENABLE_OBJC_ARC = YES;
				"CODE_SIGN_IDENTITY[sdk=iphoneos*]" = "iPhone Developer";
				COPY_PHASE_STRIP = YES;
				GCC_C_LANGUAGE_STANDARD = gnu99;
				GCC_VERSION = com.apple.compilers.llvm.clang.1_0;
				GCC_WARN_ABOUT_RETURN_TYPE = YES;
				GCC_WARN_UNINITIALIZED_AUTOS = YES;
				GCC_WARN_UNUSED_VARIABLE = YES;
				IPHONEOS_DEPLOYMENT_TARGET = 5.0;
				OTHER_CFLAGS = "-DNS_BLOCK_ASSERTIONS=1";
				SDKROOT = iphoneos;
				VALIDATE_PRODUCT = YES;
			};
			name = Release;
		};
		D29B6E7016F737280066105B /* Debug */ = {
			isa = XCBuildConfiguration;
			buildSettings = {
				GCC_PRECOMPILE_PREFIX_HEADER = YES;
				GCC_PREFIX_HEADER = "LetsNavigate/LetsNavigate-Prefix.pch";
				INFOPLIST_FILE = "LetsNavigate/LetsNavigate-Info.plist";
				PRODUCT_NAME = "$(TARGET_NAME)";
				WRAPPER_EXTENSION = app;
			};
			name = Debug;
		};
		D29B6E7116F737280066105B /* Release */ = {
			isa = XCBuildConfiguration;
			buildSettings = {
				GCC_PRECOMPILE_PREFIX_HEADER = YES;
				GCC_PREFIX_HEADER = "LetsNavigate/LetsNavigate-Prefix.pch";
				INFOPLIST_FILE = "LetsNavigate/LetsNavigate-Info.plist";
				PRODUCT_NAME = "$(TARGET_NAME)";
				WRAPPER_EXTENSION = app;
			};
			name = Release;
		};
/* End XCBuildConfiguration section */

/* Begin XCConfigurationList section */
		D29B6E4B16F737270066105B /* Build configuration list for PBXProject "LetsNavigate" */ = {
			isa = XCConfigurationList;
			buildConfigurations = (
				D29B6E6D16F737280066105B /* Debug */,
				D29B6E6E16F737280066105B /* Release */,
			);
			defaultConfigurationIsVisible = 0;
			defaultConfigurationName = Release;
		};
		D29B6E6F16F737280066105B /* Build configuration list for PBXNativeTarget "LetsNavigate" */ = {
			isa = XCConfigurationList;
			buildConfigurations = (
				D29B6E7016F737280066105B /* Debug */,
				D29B6E7116F737280066105B /* Release */,
			);
			defaultConfigurationIsVisible = 0;
		};
/* End XCConfigurationList section */
	};
	rootObject = D29B6E4816F737270066105B /* Project object */;
}
